Microsoft Visual Studio Solution File, Format Version 12.00
# Visual Studio Version 16
VisualStudioVersion = 16.0.28315.86
MinimumVisualStudioVersion = 10.0.40219.1
Project("{8BC9CEB8-8B4A-11D0-8D11-00A0C91BC942}") = "pcre", "pcre.vcxproj", "{1AC0CCDD-81E4-4A3B-90BC-768FFAB5CE3D}"
EndProject
Project("{8BC9CEB8-8B4A-11D0-8D11-00A0C91BC942}") = "pcrecpp", "pcrecpp.vcxproj", "{CD463986-846A-4F2F-BE93-F84F9C74B2FF}"
	ProjectSection(ProjectDependencies) = postProject
		{1AC0CCDD-81E4-4A3B-90BC-768FFAB5CE3D} = {1AC0CCDD-81E4-4A3B-90BC-768FFAB5CE3D}
	EndProjectSection
EndProject
Project("{8BC9CEB8-8B4A-11D0-8D11-00A0C91BC942}") = "pcregrep", "pcregrep.vcxproj", "{781E762B-F153-44E3-B675-38F4873501B0}"
	ProjectSection(ProjectDependencies) = postProject
		{EFF9871B-3B2D-42C7-A45B-A7AFF70EB765} = {EFF9871B-3B2D-42C7-A45B-A7AFF70EB765}
	EndProjectSection
EndProject
Project("{8BC9CEB8-8B4A-11D0-8D11-00A0C91BC942}") = "pcreposix", "pcreposix.vcxproj", "{EFF9871B-3B2D-42C7-A45B-A7AFF70EB765}"
	ProjectSection(ProjectDependencies) = postProject
		{1AC0CCDD-81E4-4A3B-90BC-768FFAB5CE3D} = {1AC0CCDD-81E4-4A3B-90BC-768FFAB5CE3D}
	EndProjectSection
EndProject
Project("{8BC9CEB8-8B4A-11D0-8D11-00A0C91BC942}") = "pcretest", "pcretest.vcxproj", "{AAB2D90F-7B9D-42C5-B467-9FCDBFE6F0B9}"
	ProjectSection(ProjectDependencies) = postProject
		{1AC0CCDD-81E4-4A3B-90BC-768FFAB5CE3D} = {1AC0CCDD-81E4-4A3B-90BC-768FFAB5CE3D}
		{EFF9871B-3B2D-42C7-A45B-A7AFF70EB765} = {EFF9871B-3B2D-42C7-A45B-A7AFF70EB765}
	EndProjectSection
EndProject
Global
	GlobalSection(SolutionConfigurationPlatforms) = preSolution
		Debug|Win32 = Debug|Win32
		Debug|x64 = Debug|x64
		Release|Win32 = Release|Win32
		Release|x64 = Release|x64
		vs2010_Debug|Win32 = vs2010_Debug|Win32
		vs2010_Debug|x64 = vs2010_Debug|x64
		vs2010_Release|Win32 = vs2010_Release|Win32
		vs2010_Release|x64 = vs2010_Release|x64
		vs2012_Debug|Win32 = vs2012_Debug|Win32
		vs2012_Debug|x64 = vs2012_Debug|x64
		vs2012_Release|Win32 = vs2012_Release|Win32
		vs2012_Release|x64 = vs2012_Release|x64
		vs2015_Debug|Win32 = vs2015_Debug|Win32
		vs2015_Debug|x64 = vs2015_Debug|x64
		vs2015_Release|Win32 = vs2015_Release|Win32
		vs2015_Release|x64 = vs2015_Release|x64
		vs2017_Debug|Win32 = vs2017_Debug|Win32
		vs2017_Debug|x64 = vs2017_Debug|x64
		vs2017_Release|Win32 = vs2017_Release|Win32
		vs2017_Release|x64 = vs2017_Release|x64
		vs2019_Debug|Win32 = vs2019_Debug|Win32
		vs2019_Debug|x64 = vs2019_Debug|x64
		vs2019_Release|Win32 = vs2019_Release|Win32
		vs2019_Release|x64 = vs2019_Release|x64
	EndGlobalSection
	GlobalSection(ProjectConfigurationPlatforms) = postSolution
		{1AC0CCDD-81E4-4A3B-90BC-768FFAB5CE3D}.Debug|Win32.ActiveCfg = Debug|Win32
		{1AC0CCDD-81E4-4A3B-90BC-768FFAB5CE3D}.Debug|Win32.Build.0 = Debug|Win32
		{1AC0CCDD-81E4-4A3B-90BC-768FFAB5CE3D}.Debug|x64.ActiveCfg = Debug|x64
		{1AC0CCDD-81E4-4A3B-90BC-768FFAB5CE3D}.Debug|x64.Build.0 = Debug|x64
		{1AC0CCDD-81E4-4A3B-90BC-768FFAB5CE3D}.Release|Win32.ActiveCfg = Release|Win32
		{1AC0CCDD-81E4-4A3B-90BC-768FFAB5CE3D}.Release|Win32.Build.0 = Release|Win32
		{1AC0CCDD-81E4-4A3B-90BC-768FFAB5CE3D}.Release|x64.ActiveCfg = Release|x64
		{1AC0CCDD-81E4-4A3B-90BC-768FFAB5CE3D}.Release|x64.Build.0 = Release|x64
		{1AC0CCDD-81E4-4A3B-90BC-768FFAB5CE3D}.vs2010_Debug|Win32.ActiveCfg = vs2010_Debug|Win32
		{1AC0CCDD-81E4-4A3B-90BC-768FFAB5CE3D}.vs2010_Debug|Win32.Build.0 = vs2010_Debug|Win32
		{1AC0CCDD-81E4-4A3B-90BC-768FFAB5CE3D}.vs2010_Debug|x64.ActiveCfg = vs2010_Debug|x64
		{1AC0CCDD-81E4-4A3B-90BC-768FFAB5CE3D}.vs2010_Debug|x64.Build.0 = vs2010_Debug|x64
		{1AC0CCDD-81E4-4A3B-90BC-768FFAB5CE3D}.vs2010_Release|Win32.ActiveCfg = vs2010_Release|Win32
		{1AC0CCDD-81E4-4A3B-90BC-768FFAB5CE3D}.vs2010_Release|Win32.Build.0 = vs2010_Release|Win32
		{1AC0CCDD-81E4-4A3B-90BC-768FFAB5CE3D}.vs2010_Release|x64.ActiveCfg = vs2010_Release|x64
		{1AC0CCDD-81E4-4A3B-90BC-768FFAB5CE3D}.vs2010_Release|x64.Build.0 = vs2010_Release|x64
		{1AC0CCDD-81E4-4A3B-90BC-768FFAB5CE3D}.vs2012_Debug|Win32.ActiveCfg = vs2012_Debug|Win32
		{1AC0CCDD-81E4-4A3B-90BC-768FFAB5CE3D}.vs2012_Debug|Win32.Build.0 = vs2012_Debug|Win32
		{1AC0CCDD-81E4-4A3B-90BC-768FFAB5CE3D}.vs2012_Debug|x64.ActiveCfg = vs2012_Debug|x64
		{1AC0CCDD-81E4-4A3B-90BC-768FFAB5CE3D}.vs2012_Debug|x64.Build.0 = vs2012_Debug|x64
		{1AC0CCDD-81E4-4A3B-90BC-768FFAB5CE3D}.vs2012_Release|Win32.ActiveCfg = vs2012_Release|Win32
		{1AC0CCDD-81E4-4A3B-90BC-768FFAB5CE3D}.vs2012_Release|Win32.Build.0 = vs2012_Release|Win32
		{1AC0CCDD-81E4-4A3B-90BC-768FFAB5CE3D}.vs2012_Release|x64.ActiveCfg = vs2012_Release|x64
		{1AC0CCDD-81E4-4A3B-90BC-768FFAB5CE3D}.vs2012_Release|x64.Build.0 = vs2012_Release|x64
		{1AC0CCDD-81E4-4A3B-90BC-768FFAB5CE3D}.vs2015_Debug|Win32.ActiveCfg = vs2015_Debug|Win32
		{1AC0CCDD-81E4-4A3B-90BC-768FFAB5CE3D}.vs2015_Debug|Win32.Build.0 = vs2015_Debug|Win32
		{1AC0CCDD-81E4-4A3B-90BC-768FFAB5CE3D}.vs2015_Debug|x64.ActiveCfg = vs2015_Debug|x64
		{1AC0CCDD-81E4-4A3B-90BC-768FFAB5CE3D}.vs2015_Debug|x64.Build.0 = vs2015_Debug|x64
		{1AC0CCDD-81E4-4A3B-90BC-768FFAB5CE3D}.vs2015_Release|Win32.ActiveCfg = vs2015_Release|Win32
		{1AC0CCDD-81E4-4A3B-90BC-768FFAB5CE3D}.vs2015_Release|Win32.Build.0 = vs2015_Release|Win32
		{1AC0CCDD-81E4-4A3B-90BC-768FFAB5CE3D}.vs2015_Release|x64.ActiveCfg = vs2015_Release|x64
		{1AC0CCDD-81E4-4A3B-90BC-768FFAB5CE3D}.vs2015_Release|x64.Build.0 = vs2015_Release|x64
		{1AC0CCDD-81E4-4A3B-90BC-768FFAB5CE3D}.vs2017_Debug|Win32.ActiveCfg = vs2017_Debug|Win32
		{1AC0CCDD-81E4-4A3B-90BC-768FFAB5CE3D}.vs2017_Debug|Win32.Build.0 = vs2017_Debug|Win32
		{1AC0CCDD-81E4-4A3B-90BC-768FFAB5CE3D}.vs2017_Debug|x64.ActiveCfg = vs2017_Debug|x64
		{1AC0CCDD-81E4-4A3B-90BC-768FFAB5CE3D}.vs2017_Debug|x64.Build.0 = vs2017_Debug|x64
		{1AC0CCDD-81E4-4A3B-90BC-768FFAB5CE3D}.vs2017_Release|Win32.ActiveCfg = vs2017_Release|Win32
		{1AC0CCDD-81E4-4A3B-90BC-768FFAB5CE3D}.vs2017_Release|Win32.Build.0 = vs2017_Release|Win32
		{1AC0CCDD-81E4-4A3B-90BC-768FFAB5CE3D}.vs2017_Release|x64.ActiveCfg = vs2017_Release|x64
		{1AC0CCDD-81E4-4A3B-90BC-768FFAB5CE3D}.vs2017_Release|x64.Build.0 = vs2017_Release|x64
		{1AC0CCDD-81E4-4A3B-90BC-768FFAB5CE3D}.vs2019_Debug|Win32.ActiveCfg = vs2019_Debug|Win32
		{1AC0CCDD-81E4-4A3B-90BC-768FFAB5CE3D}.vs2019_Debug|Win32.Build.0 = vs2019_Debug|Win32
		{1AC0CCDD-81E4-4A3B-90BC-768FFAB5CE3D}.vs2019_Debug|x64.ActiveCfg = vs2019_Debug|x64
		{1AC0CCDD-81E4-4A3B-90BC-768FFAB5CE3D}.vs2019_Debug|x64.Build.0 = vs2019_Debug|x64
		{1AC0CCDD-81E4-4A3B-90BC-768FFAB5CE3D}.vs2019_Release|Win32.ActiveCfg = vs2019_Release|Win32
		{1AC0CCDD-81E4-4A3B-90BC-768FFAB5CE3D}.vs2019_Release|Win32.Build.0 = vs2019_Release|Win32
		{1AC0CCDD-81E4-4A3B-90BC-768FFAB5CE3D}.vs2019_Release|x64.ActiveCfg = vs2019_Release|x64
		{1AC0CCDD-81E4-4A3B-90BC-768FFAB5CE3D}.vs2019_Release|x64.Build.0 = vs2019_Release|x64
		{CD463986-846A-4F2F-BE93-F84F9C74B2FF}.Debug|Win32.ActiveCfg = Debug|Win32
		{CD463986-846A-4F2F-BE93-F84F9C74B2FF}.Debug|Win32.Build.0 = Debug|Win32
		{CD463986-846A-4F2F-BE93-F84F9C74B2FF}.Debug|x64.ActiveCfg = Debug|x64
		{CD463986-846A-4F2F-BE93-F84F9C74B2FF}.Debug|x64.Build.0 = Debug|x64
		{CD463986-846A-4F2F-BE93-F84F9C74B2FF}.Release|Win32.ActiveCfg = Release|Win32
		{CD463986-846A-4F2F-BE93-F84F9C74B2FF}.Release|Win32.Build.0 = Release|Win32
		{CD463986-846A-4F2F-BE93-F84F9C74B2FF}.Release|x64.ActiveCfg = Release|x64
		{CD463986-846A-4F2F-BE93-F84F9C74B2FF}.Release|x64.Build.0 = Release|x64
		{CD463986-846A-4F2F-BE93-F84F9C74B2FF}.vs2010_Debug|Win32.ActiveCfg = vs2010_Debug|Win32
		{CD463986-846A-4F2F-BE93-F84F9C74B2FF}.vs2010_Debug|Win32.Build.0 = vs2010_Debug|Win32
		{CD463986-846A-4F2F-BE93-F84F9C74B2FF}.vs2010_Debug|x64.ActiveCfg = vs2010_Debug|x64
		{CD463986-846A-4F2F-BE93-F84F9C74B2FF}.vs2010_Debug|x64.Build.0 = vs2010_Debug|x64
		{CD463986-846A-4F2F-BE93-F84F9C74B2FF}.vs2010_Release|Win32.ActiveCfg = vs2010_Release|Win32
		{CD463986-846A-4F2F-BE93-F84F9C74B2FF}.vs2010_Release|Win32.Build.0 = vs2010_Release|Win32
		{CD463986-846A-4F2F-BE93-F84F9C74B2FF}.vs2010_Release|x64.ActiveCfg = vs2010_Release|x64
		{CD463986-846A-4F2F-BE93-F84F9C74B2FF}.vs2010_Release|x64.Build.0 = vs2010_Release|x64
		{CD463986-846A-4F2F-BE93-F84F9C74B2FF}.vs2012_Debug|Win32.ActiveCfg = vs2012_Debug|Win32
		{CD463986-846A-4F2F-BE93-F84F9C74B2FF}.vs2012_Debug|Win32.Build.0 = vs2012_Debug|Win32
		{CD463986-846A-4F2F-BE93-F84F9C74B2FF}.vs2012_Debug|x64.ActiveCfg = vs2012_Debug|x64
		{CD463986-846A-4F2F-BE93-F84F9C74B2FF}.vs2012_Debug|x64.Build.0 = vs2012_Debug|x64
		{CD463986-846A-4F2F-BE93-F84F9C74B2FF}.vs2012_Release|Win32.ActiveCfg = vs2012_Release|Win32
		{CD463986-846A-4F2F-BE93-F84F9C74B2FF}.vs2012_Release|Win32.Build.0 = vs2012_Release|Win32
		{CD463986-846A-4F2F-BE93-F84F9C74B2FF}.vs2012_Release|x64.ActiveCfg = vs2012_Release|x64
		{CD463986-846A-4F2F-BE93-F84F9C74B2FF}.vs2012_Release|x64.Build.0 = vs2012_Release|x64
		{CD463986-846A-4F2F-BE93-F84F9C74B2FF}.vs2015_Debug|Win32.ActiveCfg = vs2015_Debug|Win32
		{CD463986-846A-4F2F-BE93-F84F9C74B2FF}.vs2015_Debug|Win32.Build.0 = vs2015_Debug|Win32
		{CD463986-846A-4F2F-BE93-F84F9C74B2FF}.vs2015_Debug|x64.ActiveCfg = vs2015_Debug|x64
		{CD463986-846A-4F2F-BE93-F84F9C74B2FF}.vs2015_Debug|x64.Build.0 = vs2015_Debug|x64
		{CD463986-846A-4F2F-BE93-F84F9C74B2FF}.vs2015_Release|Win32.ActiveCfg = vs2015_Release|Win32
		{CD463986-846A-4F2F-BE93-F84F9C74B2FF}.vs2015_Release|Win32.Build.0 = vs2015_Release|Win32
		{CD463986-846A-4F2F-BE93-F84F9C74B2FF}.vs2015_Release|x64.ActiveCfg = vs2015_Release|x64
		{CD463986-846A-4F2F-BE93-F84F9C74B2FF}.vs2015_Release|x64.Build.0 = vs2015_Release|x64
		{CD463986-846A-4F2F-BE93-F84F9C74B2FF}.vs2017_Debug|Win32.ActiveCfg = vs2017_Debug|Win32
		{CD463986-846A-4F2F-BE93-F84F9C74B2FF}.vs2017_Debug|Win32.Build.0 = vs2017_Debug|Win32
		{CD463986-846A-4F2F-BE93-F84F9C74B2FF}.vs2017_Debug|x64.ActiveCfg = vs2017_Debug|x64
		{CD463986-846A-4F2F-BE93-F84F9C74B2FF}.vs2017_Debug|x64.Build.0 = vs2017_Debug|x64
		{CD463986-846A-4F2F-BE93-F84F9C74B2FF}.vs2017_Release|Win32.ActiveCfg = vs2017_Release|Win32
		{CD463986-846A-4F2F-BE93-F84F9C74B2FF}.vs2017_Release|Win32.Build.0 = vs2017_Release|Win32
		{CD463986-846A-4F2F-BE93-F84F9C74B2FF}.vs2017_Release|x64.ActiveCfg = vs2017_Release|x64
		{CD463986-846A-4F2F-BE93-F84F9C74B2FF}.vs2017_Release|x64.Build.0 = vs2017_Release|x64
		{CD463986-846A-4F2F-BE93-F84F9C74B2FF}.vs2019_Debug|Win32.ActiveCfg = vs2019_Debug|Win32
		{CD463986-846A-4F2F-BE93-F84F9C74B2FF}.vs2019_Debug|Win32.Build.0 = vs2019_Debug|Win32
		{CD463986-846A-4F2F-BE93-F84F9C74B2FF}.vs2019_Debug|x64.ActiveCfg = vs2019_Debug|x64
		{CD463986-846A-4F2F-BE93-F84F9C74B2FF}.vs2019_Debug|x64.Build.0 = vs2019_Debug|x64
		{CD463986-846A-4F2F-BE93-F84F9C74B2FF}.vs2019_Release|Win32.ActiveCfg = vs2019_Release|Win32
		{CD463986-846A-4F2F-BE93-F84F9C74B2FF}.vs2019_Release|Win32.Build.0 = vs2019_Release|Win32
		{CD463986-846A-4F2F-BE93-F84F9C74B2FF}.vs2019_Release|x64.ActiveCfg = vs2019_Release|x64
		{CD463986-846A-4F2F-BE93-F84F9C74B2FF}.vs2019_Release|x64.Build.0 = vs2019_Release|x64
		{781E762B-F153-44E3-B675-38F4873501B0}.Debug|Win32.ActiveCfg = Debug|Win32
		{781E762B-F153-44E3-B675-38F4873501B0}.Debug|Win32.Build.0 = Debug|Win32
		{781E762B-F153-44E3-B675-38F4873501B0}.Debug|x64.ActiveCfg = Debug|x64
		{781E762B-F153-44E3-B675-38F4873501B0}.Debug|x64.Build.0 = Debug|x64
		{781E762B-F153-44E3-B675-38F4873501B0}.Release|Win32.ActiveCfg = Release|Win32
		{781E762B-F153-44E3-B675-38F4873501B0}.Release|Win32.Build.0 = Release|Win32
		{781E762B-F153-44E3-B675-38F4873501B0}.Release|x64.ActiveCfg = Release|x64
		{781E762B-F153-44E3-B675-38F4873501B0}.Release|x64.Build.0 = Release|x64
		{781E762B-F153-44E3-B675-38F4873501B0}.vs2010_Debug|Win32.ActiveCfg = vs2010_Debug|Win32
		{781E762B-F153-44E3-B675-38F4873501B0}.vs2010_Debug|Win32.Build.0 = vs2010_Debug|Win32
		{781E762B-F153-44E3-B675-38F4873501B0}.vs2010_Debug|x64.ActiveCfg = vs2010_Debug|x64
		{781E762B-F153-44E3-B675-38F4873501B0}.vs2010_Debug|x64.Build.0 = vs2010_Debug|x64
		{781E762B-F153-44E3-B675-38F4873501B0}.vs2010_Release|Win32.ActiveCfg = vs2010_Release|Win32
		{781E762B-F153-44E3-B675-38F4873501B0}.vs2010_Release|Win32.Build.0 = vs2010_Release|Win32
		{781E762B-F153-44E3-B675-38F4873501B0}.vs2010_Release|x64.ActiveCfg = vs2010_Release|x64
		{781E762B-F153-44E3-B675-38F4873501B0}.vs2010_Release|x64.Build.0 = vs2010_Release|x64
		{781E762B-F153-44E3-B675-38F4873501B0}.vs2012_Debug|Win32.ActiveCfg = vs2012_Debug|Win32
		{781E762B-F153-44E3-B675-38F4873501B0}.vs2012_Debug|Win32.Build.0 = vs2012_Debug|Win32
		{781E762B-F153-44E3-B675-38F4873501B0}.vs2012_Debug|x64.ActiveCfg = vs2012_Debug|x64
		{781E762B-F153-44E3-B675-38F4873501B0}.vs2012_Debug|x64.Build.0 = vs2012_Debug|x64
		{781E762B-F153-44E3-B675-38F4873501B0}.vs2012_Release|Win32.ActiveCfg = vs2012_Release|Win32
		{781E762B-F153-44E3-B675-38F4873501B0}.vs2012_Release|Win32.Build.0 = vs2012_Release|Win32
		{781E762B-F153-44E3-B675-38F4873501B0}.vs2012_Release|x64.ActiveCfg = vs2012_Release|x64
		{781E762B-F153-44E3-B675-38F4873501B0}.vs2012_Release|x64.Build.0 = vs2012_Release|x64
		{781E762B-F153-44E3-B675-38F4873501B0}.vs2015_Debug|Win32.ActiveCfg = vs2015_Debug|Win32
		{781E762B-F153-44E3-B675-38F4873501B0}.vs2015_Debug|Win32.Build.0 = vs2015_Debug|Win32
		{781E762B-F153-44E3-B675-38F4873501B0}.vs2015_Debug|x64.ActiveCfg = vs2015_Debug|x64
		{781E762B-F153-44E3-B675-38F4873501B0}.vs2015_Debug|x64.Build.0 = vs2015_Debug|x64
		{781E762B-F153-44E3-B675-38F4873501B0}.vs2015_Release|Win32.ActiveCfg = vs2015_Release|Win32
		{781E762B-F153-44E3-B675-38F4873501B0}.vs2015_Release|Win32.Build.0 = vs2015_Release|Win32
		{781E762B-F153-44E3-B675-38F4873501B0}.vs2015_Release|x64.ActiveCfg = vs2015_Release|x64
		{781E762B-F153-44E3-B675-38F4873501B0}.vs2015_Release|x64.Build.0 = vs2015_Release|x64
		{781E762B-F153-44E3-B675-38F4873501B0}.vs2017_Debug|Win32.ActiveCfg = vs2017_Debug|Win32
		{781E762B-F153-44E3-B675-38F4873501B0}.vs2017_Debug|Win32.Build.0 = vs2017_Debug|Win32
		{781E762B-F153-44E3-B675-38F4873501B0}.vs2017_Debug|x64.ActiveCfg = vs2017_Debug|x64
		{781E762B-F153-44E3-B675-38F4873501B0}.vs2017_Debug|x64.Build.0 = vs2017_Debug|x64
		{781E762B-F153-44E3-B675-38F4873501B0}.vs2017_Release|Win32.ActiveCfg = vs2017_Release|Win32
		{781E762B-F153-44E3-B675-38F4873501B0}.vs2017_Release|Win32.Build.0 = vs2017_Release|Win32
		{781E762B-F153-44E3-B675-38F4873501B0}.vs2017_Release|x64.ActiveCfg = vs2017_Release|x64
		{781E762B-F153-44E3-B675-38F4873501B0}.vs2017_Release|x64.Build.0 = vs2017_Release|x64
		{781E762B-F153-44E3-B675-38F4873501B0}.vs2019_Debug|Win32.ActiveCfg = vs2019_Debug|Win32
		{781E762B-F153-44E3-B675-38F4873501B0}.vs2019_Debug|Win32.Build.0 = vs2019_Debug|Win32
		{781E762B-F153-44E3-B675-38F4873501B0}.vs2019_Debug|x64.ActiveCfg = vs2019_Debug|x64
		{781E762B-F153-44E3-B675-38F4873501B0}.vs2019_Debug|x64.Build.0 = vs2019_Debug|x64
		{781E762B-F153-44E3-B675-38F4873501B0}.vs2019_Release|Win32.ActiveCfg = vs2019_Release|Win32
		{781E762B-F153-44E3-B675-38F4873501B0}.vs2019_Release|Win32.Build.0 = vs2019_Release|Win32
		{781E762B-F153-44E3-B675-38F4873501B0}.vs2019_Release|x64.ActiveCfg = vs2019_Release|x64
		{781E762B-F153-44E3-B675-38F4873501B0}.vs2019_Release|x64.Build.0 = vs2019_Release|x64
		{EFF9871B-3B2D-42C7-A45B-A7AFF70EB765}.Debug|Win32.ActiveCfg = Debug|Win32
		{EFF9871B-3B2D-42C7-A45B-A7AFF70EB765}.Debug|Win32.Build.0 = Debug|Win32
		{EFF9871B-3B2D-42C7-A45B-A7AFF70EB765}.Debug|x64.ActiveCfg = Debug|x64
		{EFF9871B-3B2D-42C7-A45B-A7AFF70EB765}.Debug|x64.Build.0 = Debug|x64
		{EFF9871B-3B2D-42C7-A45B-A7AFF70EB765}.Release|Win32.ActiveCfg = Release|Win32
		{EFF9871B-3B2D-42C7-A45B-A7AFF70EB765}.Release|Win32.Build.0 = Release|Win32
		{EFF9871B-3B2D-42C7-A45B-A7AFF70EB765}.Release|x64.ActiveCfg = Release|x64
		{EFF9871B-3B2D-42C7-A45B-A7AFF70EB765}.Release|x64.Build.0 = Release|x64
		{EFF9871B-3B2D-42C7-A45B-A7AFF70EB765}.vs2010_Debug|Win32.ActiveCfg = vs2010_Debug|Win32
		{EFF9871B-3B2D-42C7-A45B-A7AFF70EB765}.vs2010_Debug|Win32.Build.0 = vs2010_Debug|Win32
		{EFF9871B-3B2D-42C7-A45B-A7AFF70EB765}.vs2010_Debug|x64.ActiveCfg = vs2010_Debug|x64
		{EFF9871B-3B2D-42C7-A45B-A7AFF70EB765}.vs2010_Debug|x64.Build.0 = vs2010_Debug|x64
		{EFF9871B-3B2D-42C7-A45B-A7AFF70EB765}.vs2010_Release|Win32.ActiveCfg = vs2010_Release|Win32
		{EFF9871B-3B2D-42C7-A45B-A7AFF70EB765}.vs2010_Release|Win32.Build.0 = vs2010_Release|Win32
		{EFF9871B-3B2D-42C7-A45B-A7AFF70EB765}.vs2010_Release|x64.ActiveCfg = vs2010_Release|x64
		{EFF9871B-3B2D-42C7-A45B-A7AFF70EB765}.vs2010_Release|x64.Build.0 = vs2010_Release|x64
		{EFF9871B-3B2D-42C7-A45B-A7AFF70EB765}.vs2012_Debug|Win32.ActiveCfg = vs2012_Debug|Win32
		{EFF9871B-3B2D-42C7-A45B-A7AFF70EB765}.vs2012_Debug|Win32.Build.0 = vs2012_Debug|Win32
		{EFF9871B-3B2D-42C7-A45B-A7AFF70EB765}.vs2012_Debug|x64.ActiveCfg = vs2012_Debug|x64
		{EFF9871B-3B2D-42C7-A45B-A7AFF70EB765}.vs2012_Debug|x64.Build.0 = vs2012_Debug|x64
		{EFF9871B-3B2D-42C7-A45B-A7AFF70EB765}.vs2012_Release|Win32.ActiveCfg = vs2012_Release|Win32
		{EFF9871B-3B2D-42C7-A45B-A7AFF70EB765}.vs2012_Release|Win32.Build.0 = vs2012_Release|Win32
		{EFF9871B-3B2D-42C7-A45B-A7AFF70EB765}.vs2012_Release|x64.ActiveCfg = vs2012_Release|x64
		{EFF9871B-3B2D-42C7-A45B-A7AFF70EB765}.vs2012_Release|x64.Build.0 = vs2012_Release|x64
		{EFF9871B-3B2D-42C7-A45B-A7AFF70EB765}.vs2015_Debug|Win32.ActiveCfg = vs2015_Debug|Win32
		{EFF9871B-3B2D-42C7-A45B-A7AFF70EB765}.vs2015_Debug|Win32.Build.0 = vs2015_Debug|Win32
		{EFF9871B-3B2D-42C7-A45B-A7AFF70EB765}.vs2015_Debug|x64.ActiveCfg = vs2015_Debug|x64
		{EFF9871B-3B2D-42C7-A45B-A7AFF70EB765}.vs2015_Debug|x64.Build.0 = vs2015_Debug|x64
		{EFF9871B-3B2D-42C7-A45B-A7AFF70EB765}.vs2015_Release|Win32.ActiveCfg = vs2015_Release|Win32
		{EFF9871B-3B2D-42C7-A45B-A7AFF70EB765}.vs2015_Release|Win32.Build.0 = vs2015_Release|Win32
		{EFF9871B-3B2D-42C7-A45B-A7AFF70EB765}.vs2015_Release|x64.ActiveCfg = vs2015_Release|x64
		{EFF9871B-3B2D-42C7-A45B-A7AFF70EB765}.vs2015_Release|x64.Build.0 = vs2015_Release|x64
		{EFF9871B-3B2D-42C7-A45B-A7AFF70EB765}.vs2017_Debug|Win32.ActiveCfg = vs2017_Debug|Win32
		{EFF9871B-3B2D-42C7-A45B-A7AFF70EB765}.vs2017_Debug|Win32.Build.0 = vs2017_Debug|Win32
		{EFF9871B-3B2D-42C7-A45B-A7AFF70EB765}.vs2017_Debug|x64.ActiveCfg = vs2017_Debug|x64
		{EFF9871B-3B2D-42C7-A45B-A7AFF70EB765}.vs2017_Debug|x64.Build.0 = vs2017_Debug|x64
		{EFF9871B-3B2D-42C7-A45B-A7AFF70EB765}.vs2017_Release|Win32.ActiveCfg = vs2017_Release|Win32
		{EFF9871B-3B2D-42C7-A45B-A7AFF70EB765}.vs2017_Release|Win32.Build.0 = vs2017_Release|Win32
		{EFF9871B-3B2D-42C7-A45B-A7AFF70EB765}.vs2017_Release|x64.ActiveCfg = vs2017_Release|x64
		{EFF9871B-3B2D-42C7-A45B-A7AFF70EB765}.vs2017_Release|x64.Build.0 = vs2017_Release|x64
		{EFF9871B-3B2D-42C7-A45B-A7AFF70EB765}.vs2019_Debug|Win32.ActiveCfg = vs2019_Debug|Win32
		{EFF9871B-3B2D-42C7-A45B-A7AFF70EB765}.vs2019_Debug|Win32.Build.0 = vs2019_Debug|Win32
		{EFF9871B-3B2D-42C7-A45B-A7AFF70EB765}.vs2019_Debug|x64.ActiveCfg = vs2019_Debug|x64
		{EFF9871B-3B2D-42C7-A45B-A7AFF70EB765}.vs2019_Debug|x64.Build.0 = vs2019_Debug|x64
		{EFF9871B-3B2D-42C7-A45B-A7AFF70EB765}.vs2019_Release|Win32.ActiveCfg = vs2019_Release|Win32
		{EFF9871B-3B2D-42C7-A45B-A7AFF70EB765}.vs2019_Release|Win32.Build.0 = vs2019_Release|Win32
		{EFF9871B-3B2D-42C7-A45B-A7AFF70EB765}.vs2019_Release|x64.ActiveCfg = vs2019_Release|x64
		{EFF9871B-3B2D-42C7-A45B-A7AFF70EB765}.vs2019_Release|x64.Build.0 = vs2019_Release|x64
		{AAB2D90F-7B9D-42C5-B467-9FCDBFE6F0B9}.Debug|Win32.ActiveCfg = Debug|Win32
		{AAB2D90F-7B9D-42C5-B467-9FCDBFE6F0B9}.Debug|Win32.Build.0 = Debug|Win32
		{AAB2D90F-7B9D-42C5-B467-9FCDBFE6F0B9}.Debug|x64.ActiveCfg = Debug|x64
		{AAB2D90F-7B9D-42C5-B467-9FCDBFE6F0B9}.Debug|x64.Build.0 = Debug|x64
		{AAB2D90F-7B9D-42C5-B467-9FCDBFE6F0B9}.Release|Win32.ActiveCfg = Release|Win32
		{AAB2D90F-7B9D-42C5-B467-9FCDBFE6F0B9}.Release|Win32.Build.0 = Release|Win32
		{AAB2D90F-7B9D-42C5-B467-9FCDBFE6F0B9}.Release|x64.ActiveCfg = Release|x64
		{AAB2D90F-7B9D-42C5-B467-9FCDBFE6F0B9}.Release|x64.Build.0 = Release|x64
		{AAB2D90F-7B9D-42C5-B467-9FCDBFE6F0B9}.vs2010_Debug|Win32.ActiveCfg = vs2010_Debug|Win32
		{AAB2D90F-7B9D-42C5-B467-9FCDBFE6F0B9}.vs2010_Debug|Win32.Build.0 = vs2010_Debug|Win32
		{AAB2D90F-7B9D-42C5-B467-9FCDBFE6F0B9}.vs2010_Debug|x64.ActiveCfg = vs2010_Debug|x64
		{AAB2D90F-7B9D-42C5-B467-9FCDBFE6F0B9}.vs2010_Debug|x64.Build.0 = vs2010_Debug|x64
		{AAB2D90F-7B9D-42C5-B467-9FCDBFE6F0B9}.vs2010_Release|Win32.ActiveCfg = vs2010_Release|Win32
		{AAB2D90F-7B9D-42C5-B467-9FCDBFE6F0B9}.vs2010_Release|Win32.Build.0 = vs2010_Release|Win32
		{AAB2D90F-7B9D-42C5-B467-9FCDBFE6F0B9}.vs2010_Release|x64.ActiveCfg = vs2010_Release|x64
		{AAB2D90F-7B9D-42C5-B467-9FCDBFE6F0B9}.vs2010_Release|x64.Build.0 = vs2010_Release|x64
		{AAB2D90F-7B9D-42C5-B467-9FCDBFE6F0B9}.vs2012_Debug|Win32.ActiveCfg = vs2012_Debug|Win32
		{AAB2D90F-7B9D-42C5-B467-9FCDBFE6F0B9}.vs2012_Debug|Win32.Build.0 = vs2012_Debug|Win32
		{AAB2D90F-7B9D-42C5-B467-9FCDBFE6F0B9}.vs2012_Debug|x64.ActiveCfg = vs2012_Debug|x64
		{AAB2D90F-7B9D-42C5-B467-9FCDBFE6F0B9}.vs2012_Debug|x64.Build.0 = vs2012_Debug|x64
		{AAB2D90F-7B9D-42C5-B467-9FCDBFE6F0B9}.vs2012_Release|Win32.ActiveCfg = vs2012_Release|Win32
		{AAB2D90F-7B9D-42C5-B467-9FCDBFE6F0B9}.vs2012_Release|Win32.Build.0 = vs2012_Release|Win32
		{AAB2D90F-7B9D-42C5-B467-9FCDBFE6F0B9}.vs2012_Release|x64.ActiveCfg = vs2012_Release|x64
		{AAB2D90F-7B9D-42C5-B467-9FCDBFE6F0B9}.vs2012_Release|x64.Build.0 = vs2012_Release|x64
		{AAB2D90F-7B9D-42C5-B467-9FCDBFE6F0B9}.vs2015_Debug|Win32.ActiveCfg = vs2015_Debug|Win32
		{AAB2D90F-7B9D-42C5-B467-9FCDBFE6F0B9}.vs2015_Debug|Win32.Build.0 = vs2015_Debug|Win32
		{AAB2D90F-7B9D-42C5-B467-9FCDBFE6F0B9}.vs2015_Debug|x64.ActiveCfg = vs2015_Debug|x64
		{AAB2D90F-7B9D-42C5-B467-9FCDBFE6F0B9}.vs2015_Debug|x64.Build.0 = vs2015_Debug|x64
		{AAB2D90F-7B9D-42C5-B467-9FCDBFE6F0B9}.vs2015_Release|Win32.ActiveCfg = vs2015_Release|Win32
		{AAB2D90F-7B9D-42C5-B467-9FCDBFE6F0B9}.vs2015_Release|Win32.Build.0 = vs2015_Release|Win32
		{AAB2D90F-7B9D-42C5-B467-9FCDBFE6F0B9}.vs2015_Release|x64.ActiveCfg = vs2015_Release|x64
		{AAB2D90F-7B9D-42C5-B467-9FCDBFE6F0B9}.vs2015_Release|x64.Build.0 = vs2015_Release|x64
		{AAB2D90F-7B9D-42C5-B467-9FCDBFE6F0B9}.vs2017_Debug|Win32.ActiveCfg = vs2017_Debug|Win32
		{AAB2D90F-7B9D-42C5-B467-9FCDBFE6F0B9}.vs2017_Debug|Win32.Build.0 = vs2017_Debug|Win32
		{AAB2D90F-7B9D-42C5-B467-9FCDBFE6F0B9}.vs2017_Debug|x64.ActiveCfg = vs2017_Debug|x64
		{AAB2D90F-7B9D-42C5-B467-9FCDBFE6F0B9}.vs2017_Debug|x64.Build.0 = vs2017_Debug|x64
		{AAB2D90F-7B9D-42C5-B467-9FCDBFE6F0B9}.vs2017_Release|Win32.ActiveCfg = vs2017_Release|Win32
		{AAB2D90F-7B9D-42C5-B467-9FCDBFE6F0B9}.vs2017_Release|Win32.Build.0 = vs2017_Release|Win32
		{AAB2D90F-7B9D-42C5-B467-9FCDBFE6F0B9}.vs2017_Release|x64.ActiveCfg = vs2017_Release|x64
		{AAB2D90F-7B9D-42C5-B467-9FCDBFE6F0B9}.vs2017_Release|x64.Build.0 = vs2017_Release|x64
		{AAB2D90F-7B9D-42C5-B467-9FCDBFE6F0B9}.vs2019_Debug|Win32.ActiveCfg = vs2019_Debug|Win32
		{AAB2D90F-7B9D-42C5-B467-9FCDBFE6F0B9}.vs2019_Debug|Win32.Build.0 = vs2019_Debug|Win32
		{AAB2D90F-7B9D-42C5-B467-9FCDBFE6F0B9}.vs2019_Debug|x64.ActiveCfg = vs2019_Debug|x64
		{AAB2D90F-7B9D-42C5-B467-9FCDBFE6F0B9}.vs2019_Debug|x64.Build.0 = vs2019_Debug|x64
		{AAB2D90F-7B9D-42C5-B467-9FCDBFE6F0B9}.vs2019_Release|Win32.ActiveCfg = vs2019_Release|Win32
		{AAB2D90F-7B9D-42C5-B467-9FCDBFE6F0B9}.vs2019_Release|Win32.Build.0 = vs2019_Release|Win32
		{AAB2D90F-7B9D-42C5-B467-9FCDBFE6F0B9}.vs2019_Release|x64.ActiveCfg = vs2019_Release|x64
		{AAB2D90F-7B9D-42C5-B467-9FCDBFE6F0B9}.vs2019_Release|x64.Build.0 = vs2019_Release|x64
	EndGlobalSection
	GlobalSection(SolutionProperties) = preSolution
		HideSolutionNode = FALSE
	EndGlobalSection
	GlobalSection(ExtensibilityGlobals) = postSolution
		SolutionGuid = {18493E25-8DAD-46C5-9457-433D86CC8B92}
	EndGlobalSection
EndGlobal
